// !$*UTF8*$!
{
	archiveVersion = 1;
	classes = {};
	objectVersion = 56;
	objects = {
		92135D54969A1053E9FFC5AB = { isa = PBXFileReference; lastKnownFileType = sourcecode.swift; path = "Sources/ProbeApp/DailyJournalProbeApp.swift"; sourceTree = "<group>"; };
		1595AA02BBE7039D9F0363CD = { isa = PBXFileReference; lastKnownFileType = sourcecode.swift; path = "Sources/ProbeApp/DirectoryPresenter.swift"; sourceTree = "<group>"; };
		1DB2CCA09891C58733622263 = { isa = PBXFileReference; lastKnownFileType = sourcecode.swift; path = "Sources/ProbeApp/ProbeSession.swift"; sourceTree = "<group>"; };
		75B976A514C2BB581F7B4AF9 = { isa = PBXFileReference; lastKnownFileType = sourcecode.swift; path = "Sources/ProbeCore/ProbeRepository.swift"; sourceTree = "<group>"; };
		BCE16DD0260827ECF338C787 = { isa = PBXGroup; name = Sources; sourceTree = "<group>"; children = (92135D54969A1053E9FFC5AB, 1595AA02BBE7039D9F0363CD, 1DB2CCA09891C58733622263, 75B976A514C2BB581F7B4AF9); };
		E7B1BFA482251F04722B6837 = { isa = PBXFileReference; lastKnownFileType = text.plist.entitlements; path = Config/macOS.entitlements; sourceTree = "<group>"; };
		F78A71AF8BBF8CC2F6F31354 = { isa = PBXFileReference; lastKnownFileType = net.daringfireball.markdown; path = README.md; sourceTree = "<group>"; };
		87032DA25FA5CED6ABFBFED2 = { isa = PBXFileReference; explicitFileType = wrapper.application; includeInIndex = 0; path = DailyJournalProbeMac.app; sourceTree = BUILT_PRODUCTS_DIR; };
		9F38897EA72A5AB36FC00946 = { isa = PBXBuildFile; fileRef = 92135D54969A1053E9FFC5AB; };
		84716412659C8D0978F63B14 = { isa = PBXBuildFile; fileRef = 1595AA02BBE7039D9F0363CD; };
		3358082BCD8CCB870DF5A4D7 = { isa = PBXBuildFile; fileRef = 1DB2CCA09891C58733622263; };
		8718127013BDF19726D69462 = { isa = PBXBuildFile; fileRef = 75B976A514C2BB581F7B4AF9; };
		7C78EDF33BD590A5884FE046 = { isa = PBXSourcesBuildPhase; buildActionMask = 2147483647; files = (9F38897EA72A5AB36FC00946, 84716412659C8D0978F63B14, 3358082BCD8CCB870DF5A4D7, 8718127013BDF19726D69462); runOnlyForDeploymentPostprocessing = 0; };
		B7963C781ACA479F104E7BD9 = { isa = PBXFrameworksBuildPhase; buildActionMask = 2147483647; files = (); runOnlyForDeploymentPostprocessing = 0; };
		4A2B3ABC430C7F9000B5E266 = { isa = PBXResourcesBuildPhase; buildActionMask = 2147483647; files = (); runOnlyForDeploymentPostprocessing = 0; };
		3728D1857EF4959B6874E854 = { isa = XCBuildConfiguration; buildSettings = { PRODUCT_NAME = "$(TARGET_NAME)"; PRODUCT_BUNDLE_IDENTIFIER = "cn.xcbg.dailyjournal.probe.mac"; SWIFT_VERSION = "5.0"; CODE_SIGN_STYLE = "Automatic"; GENERATE_INFOPLIST_FILE = "YES"; INFOPLIST_KEY_CFBundleDisplayName = "日常·同步验证"; MARKETING_VERSION = "0.1.0"; CURRENT_PROJECT_VERSION = "1"; ENABLE_USER_SCRIPT_SANDBOXING = "YES"; SWIFT_OPTIMIZATION_LEVEL = "-Onone"; SWIFT_ACTIVE_COMPILATION_CONDITIONS = "DEBUG"; SDKROOT = "macosx"; SUPPORTED_PLATFORMS = "macosx"; MACOSX_DEPLOYMENT_TARGET = "15.0"; CODE_SIGN_ENTITLEMENTS = "Config/macOS.entitlements"; INFOPLIST_KEY_LSApplicationCategoryType = "public.app-category.productivity"; COMBINE_HIDPI_IMAGES = "YES"; }; name = Debug; };
		895B92ECBA22AD5C6314FAE8 = { isa = XCBuildConfiguration; buildSettings = { PRODUCT_NAME = "$(TARGET_NAME)"; PRODUCT_BUNDLE_IDENTIFIER = "cn.xcbg.dailyjournal.probe.mac"; SWIFT_VERSION = "5.0"; CODE_SIGN_STYLE = "Automatic"; GENERATE_INFOPLIST_FILE = "YES"; INFOPLIST_KEY_CFBundleDisplayName = "日常·同步验证"; MARKETING_VERSION = "0.1.0"; CURRENT_PROJECT_VERSION = "1"; ENABLE_USER_SCRIPT_SANDBOXING = "YES"; SWIFT_OPTIMIZATION_LEVEL = "-O"; SWIFT_ACTIVE_COMPILATION_CONDITIONS = ""; SDKROOT = "macosx"; SUPPORTED_PLATFORMS = "macosx"; MACOSX_DEPLOYMENT_TARGET = "15.0"; CODE_SIGN_ENTITLEMENTS = "Config/macOS.entitlements"; INFOPLIST_KEY_LSApplicationCategoryType = "public.app-category.productivity"; COMBINE_HIDPI_IMAGES = "YES"; }; name = Release; };
		30A4A9604327F0EFBC914DFC = { isa = XCConfigurationList; buildConfigurations = (3728D1857EF4959B6874E854, 895B92ECBA22AD5C6314FAE8); defaultConfigurationIsVisible = 0; defaultConfigurationName = Release; };
		FEA537673C124F1035B24462 = { isa = PBXNativeTarget; buildConfigurationList = 30A4A9604327F0EFBC914DFC; buildPhases = (7C78EDF33BD590A5884FE046, B7963C781ACA479F104E7BD9, 4A2B3ABC430C7F9000B5E266); buildRules = (); dependencies = (); name = DailyJournalProbeMac; productName = DailyJournalProbeMac; productReference = 87032DA25FA5CED6ABFBFED2; productType = "com.apple.product-type.application"; };
		0EB899A5C6C93EC13078AA57 = { isa = PBXFileReference; explicitFileType = wrapper.application; includeInIndex = 0; path = DailyJournalProbeiPhone.app; sourceTree = BUILT_PRODUCTS_DIR; };
		226BAE7CCE9ACD5EED09D720 = { isa = PBXBuildFile; fileRef = 92135D54969A1053E9FFC5AB; };
		0FCC52F6749FF719BB7EC88F = { isa = PBXBuildFile; fileRef = 1595AA02BBE7039D9F0363CD; };
		0C1CDB791266B0B9E671753E = { isa = PBXBuildFile; fileRef = 1DB2CCA09891C58733622263; };
		F7EE79A60E91472FBCBDF32D = { isa = PBXBuildFile; fileRef = 75B976A514C2BB581F7B4AF9; };
		040DE23D3585AE537DC339D2 = { isa = PBXSourcesBuildPhase; buildActionMask = 2147483647; files = (226BAE7CCE9ACD5EED09D720, 0FCC52F6749FF719BB7EC88F, 0C1CDB791266B0B9E671753E, F7EE79A60E91472FBCBDF32D); runOnlyForDeploymentPostprocessing = 0; };
		814A4AC29B67F1D9E87644EC = { isa = PBXFrameworksBuildPhase; buildActionMask = 2147483647; files = (); runOnlyForDeploymentPostprocessing = 0; };
		6B87980AC551A891EC7FF3CD = { isa = PBXResourcesBuildPhase; buildActionMask = 2147483647; files = (); runOnlyForDeploymentPostprocessing = 0; };
		15D5F5AFE9396D5A39C0B09B = { isa = XCBuildConfiguration; buildSettings = { PRODUCT_NAME = "$(TARGET_NAME)"; PRODUCT_BUNDLE_IDENTIFIER = "cn.xcbg.dailyjournal.probe.iphone"; SWIFT_VERSION = "5.0"; CODE_SIGN_STYLE = "Automatic"; GENERATE_INFOPLIST_FILE = "YES"; INFOPLIST_KEY_CFBundleDisplayName = "日常·同步验证"; MARKETING_VERSION = "0.1.0"; CURRENT_PROJECT_VERSION = "1"; ENABLE_USER_SCRIPT_SANDBOXING = "YES"; SWIFT_OPTIMIZATION_LEVEL = "-Onone"; SWIFT_ACTIVE_COMPILATION_CONDITIONS = "DEBUG"; SDKROOT = "iphoneos"; SUPPORTED_PLATFORMS = "iphoneos iphonesimulator"; IPHONEOS_DEPLOYMENT_TARGET = "18.0"; TARGETED_DEVICE_FAMILY = "1"; SUPPORTS_MACCATALYST = "NO"; INFOPLIST_KEY_LSSupportsOpeningDocumentsInPlace = "YES"; INFOPLIST_KEY_UILaunchScreen_Generation = "YES"; INFOPLIST_KEY_UIApplicationSceneManifest_Generation = "YES"; INFOPLIST_KEY_UISupportedInterfaceOrientations = "UIInterfaceOrientationPortrait UIInterfaceOrientationLandscapeLeft UIInterfaceOrientationLandscapeRight"; }; name = Debug; };
		B44DDAEAA5F1AD55394874D2 = { isa = XCBuildConfiguration; buildSettings = { PRODUCT_NAME = "$(TARGET_NAME)"; PRODUCT_BUNDLE_IDENTIFIER = "cn.xcbg.dailyjournal.probe.iphone"; SWIFT_VERSION = "5.0"; CODE_SIGN_STYLE = "Automatic"; GENERATE_INFOPLIST_FILE = "YES"; INFOPLIST_KEY_CFBundleDisplayName = "日常·同步验证"; MARKETING_VERSION = "0.1.0"; CURRENT_PROJECT_VERSION = "1"; ENABLE_USER_SCRIPT_SANDBOXING = "YES"; SWIFT_OPTIMIZATION_LEVEL = "-O"; SWIFT_ACTIVE_COMPILATION_CONDITIONS = ""; SDKROOT = "iphoneos"; SUPPORTED_PLATFORMS = "iphoneos iphonesimulator"; IPHONEOS_DEPLOYMENT_TARGET = "18.0"; TARGETED_DEVICE_FAMILY = "1"; SUPPORTS_MACCATALYST = "NO"; INFOPLIST_KEY_LSSupportsOpeningDocumentsInPlace = "YES"; INFOPLIST_KEY_UILaunchScreen_Generation = "YES"; INFOPLIST_KEY_UIApplicationSceneManifest_Generation = "YES"; INFOPLIST_KEY_UISupportedInterfaceOrientations = "UIInterfaceOrientationPortrait UIInterfaceOrientationLandscapeLeft UIInterfaceOrientationLandscapeRight"; }; name = Release; };
		A059DCDDA60EC82F3E6162A0 = { isa = XCConfigurationList; buildConfigurations = (15D5F5AFE9396D5A39C0B09B, B44DDAEAA5F1AD55394874D2); defaultConfigurationIsVisible = 0; defaultConfigurationName = Release; };
		FCB5A7C7C5AD1FE01EE98C88 = { isa = PBXNativeTarget; buildConfigurationList = A059DCDDA60EC82F3E6162A0; buildPhases = (040DE23D3585AE537DC339D2, 814A4AC29B67F1D9E87644EC, 6B87980AC551A891EC7FF3CD); buildRules = (); dependencies = (); name = DailyJournalProbeiPhone; productName = DailyJournalProbeiPhone; productReference = 0EB899A5C6C93EC13078AA57; productType = "com.apple.product-type.application"; };
		FBDC4F23F93125BBEEAE800C = { isa = PBXGroup; name = Products; sourceTree = "<group>"; children = (87032DA25FA5CED6ABFBFED2, 0EB899A5C6C93EC13078AA57); };
		B28B7AF69320201D1CF206EB = { isa = PBXGroup; children = (BCE16DD0260827ECF338C787, E7B1BFA482251F04722B6837, F78A71AF8BBF8CC2F6F31354, FBDC4F23F93125BBEEAE800C); sourceTree = "<group>"; };
		89E1FD6268CC0F221A2BE178 = { isa = XCBuildConfiguration; buildSettings = { CLANG_ENABLE_MODULES = YES; }; name = Debug; };
		E6DE6C99132752C914FEF632 = { isa = XCBuildConfiguration; buildSettings = { CLANG_ENABLE_MODULES = YES; }; name = Release; };
		862894B703A6DEDF96A9DD6C = { isa = XCConfigurationList; buildConfigurations = (89E1FD6268CC0F221A2BE178, E6DE6C99132752C914FEF632); defaultConfigurationIsVisible = 0; defaultConfigurationName = Release; };
		98F54143AB4E86B28C3AFEE0 = { isa = PBXProject; attributes = { BuildIndependentTargetsInParallel = YES; LastUpgradeCheck = 1600; }; buildConfigurationList = 862894B703A6DEDF96A9DD6C; compatibilityVersion = "Xcode 14.0"; developmentRegion = "zh-Hans"; hasScannedForEncodings = 0; knownRegions = ("zh-Hans", en, Base); mainGroup = B28B7AF69320201D1CF206EB; productRefGroup = FBDC4F23F93125BBEEAE800C; projectDirPath = ""; projectRoot = ""; targets = (FEA537673C124F1035B24462, FCB5A7C7C5AD1FE01EE98C88); };
	};
	rootObject = 98F54143AB4E86B28C3AFEE0;
}
